
Microsoft Visual Studio Solution File, Format Version 12.00
# Visual Studio 15
VisualStudioVersion = 15.0.27428.2037
MinimumVisualStudioVersion = 10.0.40219.1
Project("{FAE04EC0-301F-11D3-BF4B-00C04F79EFBC}") = "CsTrainings", "CsTrainings\CsTrainings.csproj", "{D29B4FFB-FDD9-4DBC-BCA8-72A83E13131A}"
EndProject
Global
	GlobalSection(SolutionConfigurationPlatforms) = preSolution
		Debug|Any CPU = Debug|Any CPU
		Release|Any CPU = Release|Any CPU
	EndGlobalSection
	GlobalSection(ProjectConfigurationPlatforms) = postSolution
		{D29B4FFB-FDD9-4DBC-BCA8-72A83E13131A}.Debug|Any CPU.ActiveCfg = Debug|Any CPU
		{D29B4FFB-FDD9-4DBC-BCA8-72A83E13131A}.Debug|Any CPU.Build.0 = Debug|Any CPU
		{D29B4FFB-FDD9-4DBC-BCA8-72A83E13131A}.Release|Any CPU.ActiveCfg = Release|Any CPU
		{D29B4FFB-FDD9-4DBC-BCA8-72A83E13131A}.Release|Any CPU.Build.0 = Release|Any CPU
	EndGlobalSection
	GlobalSection(SolutionProperties) = preSolution
		HideSolutionNode = FALSE
	EndGlobalSection
	GlobalSection(ExtensibilityGlobals) = postSolution
		SolutionGuid = {F583D0DF-83CA-4346-83BD-E4076A520DBC}
	EndGlobalSection
EndGlobal
